
Microsoft Visual Studio Solution File, Format Version 12.00
# Visual Studio Version 17
VisualStudioVersion = 17.2.32616.157
MinimumVisualStudioVersion = 10.0.40219.1
Project("{FAE04EC0-301F-11D3-BF4B-00C04F79EFBC}") = "GraphicIDE", "GraphicIDE\GraphicIDE.csproj", "{923CD49F-2E28-48DC-AAA4-93BE798CED6B}"
EndProject
Global
	GlobalSection(SolutionConfigurationPlatforms) = preSolution
		Debug|Any CPU = Debug|Any CPU
		Release|Any CPU = Release|Any CPU
	EndGlobalSection
	GlobalSection(ProjectConfigurationPlatforms) = postSolution
		{923CD49F-2E28-48DC-AAA4-93BE798CED6B}.Debug|Any CPU.ActiveCfg = Debug|Any CPU
		{923CD49F-2E28-48DC-AAA4-93BE798CED6B}.Debug|Any CPU.Build.0 = Debug|Any CPU
		{923CD49F-2E28-48DC-AAA4-93BE798CED6B}.Release|Any CPU.ActiveCfg = Release|Any CPU
		{923CD49F-2E28-48DC-AAA4-93BE798CED6B}.Release|Any CPU.Build.0 = Release|Any CPU
	EndGlobalSection
	GlobalSection(SolutionProperties) = preSolution
		HideSolutionNode = FALSE
	EndGlobalSection
	GlobalSection(ExtensibilityGlobals) = postSolution
		SolutionGuid = {BDCCF987-E698-435E-B13B-5C13F712EBF4}
	EndGlobalSection
EndGlobal
